
Microsoft Visual Studio Solution File, Format Version 12.00
# Visual Studio Version 17
VisualStudioVersion = 17.5.002.0
MinimumVisualStudioVersion = 10.0.40219.1
Project("{9A19103F-16F7-4668-BE54-9A1E7A4F7556}") = "azure-cs-serverless", "azure-cs-serverless.csproj", "{4BD655B9-928F-4927-9EE5-EACF6FF48827}"
EndProject
Project("{9A19103F-16F7-4668-BE54-9A1E7A4F7556}") = "App", "app\App.csproj", "{09ADF773-E722-47E0-A3D7-E8B7B254D972}"
EndProject
Global
	GlobalSection(SolutionConfigurationPlatforms) = preSolution
		Debug|Any CPU = Debug|Any CPU
		Release|Any CPU = Release|Any CPU
	EndGlobalSection
	GlobalSection(ProjectConfigurationPlatforms) = postSolution
		{4BD655B9-928F-4927-9EE5-EACF6FF48827}.Debug|Any CPU.ActiveCfg = Debug|Any CPU
		{4BD655B9-928F-4927-9EE5-EACF6FF48827}.Debug|Any CPU.Build.0 = Debug|Any CPU
		{4BD655B9-928F-4927-9EE5-EACF6FF48827}.Release|Any CPU.ActiveCfg = Release|Any CPU
		{4BD655B9-928F-4927-9EE5-EACF6FF48827}.Release|Any CPU.Build.0 = Release|Any CPU
		{09ADF773-E722-47E0-A3D7-E8B7B254D972}.Debug|Any CPU.ActiveCfg = Debug|Any CPU
		{09ADF773-E722-47E0-A3D7-E8B7B254D972}.Debug|Any CPU.Build.0 = Debug|Any CPU
		{09ADF773-E722-47E0-A3D7-E8B7B254D972}.Release|Any CPU.ActiveCfg = Release|Any CPU
		{09ADF773-E722-47E0-A3D7-E8B7B254D972}.Release|Any CPU.Build.0 = Release|Any CPU
	EndGlobalSection
	GlobalSection(SolutionProperties) = preSolution
		HideSolutionNode = FALSE
	EndGlobalSection
	GlobalSection(ExtensibilityGlobals) = postSolution
		SolutionGuid = {EE7B3604-3F40-42F6-B4FB-8A914306C1C3}
	EndGlobalSection
EndGlobal
